{
  "name": "learn-nodeJS",
  "version": "1.0.0",
  "lockfileVersion": 1,
  "requires": true,
  "dependencies": {
    "node": {
      "version": "13.13.0",
      "resolved": "https://registry.npm.taobao.org/node/download/node-13.13.0.tgz",
      "integrity": "sha1-UTi5TeFJt9392xj4aR1KAPV2Hy8=",
      "requires": {
        "node-bin-setup": "^1.0.0"
      }
    },
    "node-bin-setup": {
      "version": "1.0.6",
      "resolved": "https://registry.npm.taobao.org/node-bin-setup/download/node-bin-setup-1.0.6.tgz",
      "integrity": "sha1-S1ybuTfs5wLXBps2ynivRoRndSg="
    },
    "nodemailer": {
      "version": "6.4.6",
      "resolved": "https://registry.npm.taobao.org/nodemailer/download/nodemailer-6.4.6.tgz",
      "integrity": "sha1-039QT2Vgs2YW9kamBolP4YgZEH8="
    },
    "require.js": {
      "version": "1.0.0",
      "resolved": "https://registry.npm.taobao.org/require.js/download/require.js-1.0.0.tgz",
      "integrity": "sha1-cfoyczZq9EJ7AmWiGL5eYu1PkMg="
    }
  }
}
